// !$*UTF8*$!
{
	archiveVersion = 1;
	classes = {
	};
	objectVersion = 56;
	objects = {

/* Begin PBXBuildFile section */
		4A10971B2A19E55D0072BCD7 /* Imagine_ScholarApp.swift in Sources */ = {isa = PBXBuildFile; fileRef = 4A10971A2A19E55D0072BCD7 /* Imagine_ScholarApp.swift */; };
		4A10971D2A19E55D0072BCD7 /* ContentView.swift in Sources */ = {isa = PBXBuildFile; fileRef = 4A10971C2A19E55D0072BCD7 /* ContentView.swift */; };
		4A10971F2A19E55E0072BCD7 /* Assets.xcassets in Resources */ = {isa = PBXBuildFile; fileRef = 4A10971E2A19E55E0072BCD7 /* Assets.xcassets */; };
		4A1097222A19E55E0072BCD7 /* Preview Assets.xcassets in Resources */ = {isa = PBXBuildFile; fileRef = 4A1097212A19E55E0072BCD7 /* Preview Assets.xcassets */; };
		4A10972A2A1AE6A10072BCD7 /* Realm in Frameworks */ = {isa = PBXBuildFile; productRef = 4A1097292A1AE6A10072BCD7 /* Realm */; };
		4A10972C2A1AE6A10072BCD7 /* RealmSwift in Frameworks */ = {isa = PBXBuildFile; productRef = 4A10972B2A1AE6A10072BCD7 /* RealmSwift */; };
		4A10972F2A1AF3AA0072BCD7 /* LoginView.swift in Sources */ = {isa = PBXBuildFile; fileRef = 4A10972E2A1AF3AA0072BCD7 /* LoginView.swift */; };
		4A1097312A1AFACA0072BCD7 /* Post.swift in Sources */ = {isa = PBXBuildFile; fileRef = 4A1097302A1AFACA0072BCD7 /* Post.swift */; };
		4A1097332A1AFDB90072BCD7 /* PostsView.swift in Sources */ = {isa = PBXBuildFile; fileRef = 4A1097322A1AFDB90072BCD7 /* PostsView.swift */; };
		4A1097352A1B002E0072BCD7 /* CreatePostView.swift in Sources */ = {isa = PBXBuildFile; fileRef = 4A1097342A1B002E0072BCD7 /* CreatePostView.swift */; };
		4A10976E2A1C337A0072BCD7 /* Event.swift in Sources */ = {isa = PBXBuildFile; fileRef = 4A10976D2A1C337A0072BCD7 /* Event.swift */; };
		4A1097702A1C34B30072BCD7 /* EventsView.swift in Sources */ = {isa = PBXBuildFile; fileRef = 4A10976F2A1C34B30072BCD7 /* EventsView.swift */; };
		4A10978C2A1DC0FA0072BCD7 /* CreateAccountView.swift in Sources */ = {isa = PBXBuildFile; fileRef = 4A10978B2A1DC0FA0072BCD7 /* CreateAccountView.swift */; };
		4A10978E2A1DD6E30072BCD7 /* CreateAnnouncementView.swift in Sources */ = {isa = PBXBuildFile; fileRef = 4A10978D2A1DD6E30072BCD7 /* CreateAnnouncementView.swift */; };
		4A1097902A1DD7470072BCD7 /* AnnouncementsView.swift in Sources */ = {isa = PBXBuildFile; fileRef = 4A10978F2A1DD7470072BCD7 /* AnnouncementsView.swift */; };
		4A1097922A1DD7C60072BCD7 /* Announcement.swift in Sources */ = {isa = PBXBuildFile; fileRef = 4A1097912A1DD7C60072BCD7 /* Announcement.swift */; };
		4A1097942A1DDB7F0072BCD7 /* Club.swift in Sources */ = {isa = PBXBuildFile; fileRef = 4A1097932A1DDB7F0072BCD7 /* Club.swift */; };
		4A1097B62A229EE30072BCD7 /* Opportunity.swift in Sources */ = {isa = PBXBuildFile; fileRef = 4A1097B52A229EE30072BCD7 /* Opportunity.swift */; };
		4A1097B82A22A06C0072BCD7 /* OpportunitiesView.swift in Sources */ = {isa = PBXBuildFile; fileRef = 4A1097B72A22A06C0072BCD7 /* OpportunitiesView.swift */; };
		4A1097BA2A22A2E80072BCD7 /* AddOpportunityView.swift in Sources */ = {isa = PBXBuildFile; fileRef = 4A1097B92A22A2E80072BCD7 /* AddOpportunityView.swift */; };
		4A1097BC2A22AC4C0072BCD7 /* NewslettersView.swift in Sources */ = {isa = PBXBuildFile; fileRef = 4A1097BB2A22AC4C0072BCD7 /* NewslettersView.swift */; };
		4A5FC9452A2EEBD400C76847 /* User.swift in Sources */ = {isa = PBXBuildFile; fileRef = 4A5FC9442A2EEBD400C76847 /* User.swift */; };
		4A5FC9482A2EEF0400C76847 /* FirebaseAnalytics in Frameworks */ = {isa = PBXBuildFile; productRef = 4A5FC9472A2EEF0400C76847 /* FirebaseAnalytics */; };
		4A5FC94A2A2EEF0400C76847 /* FirebaseAuth in Frameworks */ = {isa = PBXBuildFile; productRef = 4A5FC9492A2EEF0400C76847 /* FirebaseAuth */; };
		4A5FC94C2A2EEF0400C76847 /* FirebaseDatabase in Frameworks */ = {isa = PBXBuildFile; productRef = 4A5FC94B2A2EEF0400C76847 /* FirebaseDatabase */; };
		4A5FC94E2A2EEF0400C76847 /* FirebaseFirestore in Frameworks */ = {isa = PBXBuildFile; productRef = 4A5FC94D2A2EEF0400C76847 /* FirebaseFirestore */; };
		4A5FC9502A2EEF0400C76847 /* FirebaseMessaging in Frameworks */ = {isa = PBXBuildFile; productRef = 4A5FC94F2A2EEF0400C76847 /* FirebaseMessaging */; };
		4A5FC9522A2EEF0400C76847 /* FirebaseStorage in Frameworks */ = {isa = PBXBuildFile; productRef = 4A5FC9512A2EEF0400C76847 /* FirebaseStorage */; };
		4A5FC9542A2EEF2800C76847 /* GoogleService-Info.plist in Resources */ = {isa = PBXBuildFile; fileRef = 4A5FC9532A2EEF2800C76847 /* GoogleService-Info.plist */; };
		4A5FC9562A2EFAE800C76847 /* Codable_JSON.swift in Sources */ = {isa = PBXBuildFile; fileRef = 4A5FC9552A2EFAE800C76847 /* Codable_JSON.swift */; };
		4A5FC95E2A326E5F00C76847 /* ImagePicker.swift in Sources */ = {isa = PBXBuildFile; fileRef = 4A5FC95D2A326E5F00C76847 /* ImagePicker.swift */; };
		4A5FC9602A3290D700C76847 /* HomeView.swift in Sources */ = {isa = PBXBuildFile; fileRef = 4A5FC95F2A3290D700C76847 /* HomeView.swift */; };
		4A5FC97E2A3545FF00C76847 /* PostDetailsView.swift in Sources */ = {isa = PBXBuildFile; fileRef = 4A5FC97D2A3545FF00C76847 /* PostDetailsView.swift */; };
		4AF166152A4B8F30009F7B56 /* ChatsView.swift in Sources */ = {isa = PBXBuildFile; fileRef = 4AF166142A4B8F30009F7B56 /* ChatsView.swift */; };
		4AF166172A4B8F4C009F7B56 /* ForumsView.swift in Sources */ = {isa = PBXBuildFile; fileRef = 4AF166162A4B8F4C009F7B56 /* ForumsView.swift */; };
		4AF166212A4BD5D3009F7B56 /* QuotedPostView.swift in Sources */ = {isa = PBXBuildFile; fileRef = 4AF166202A4BD5D3009F7B56 /* QuotedPostView.swift */; };
		4AF166232A4BD893009F7B56 /* EventDetailsView.swift in Sources */ = {isa = PBXBuildFile; fileRef = 4AF166222A4BD893009F7B56 /* EventDetailsView.swift */; };
		4AF166252A4BE1EA009F7B56 /* CreateEventView.swift in Sources */ = {isa = PBXBuildFile; fileRef = 4AF166242A4BE1EA009F7B56 /* CreateEventView.swift */; };
		B39E663F2A53DB7100404100 /* AnnouncementDetailsView.swift in Sources */ = {isa = PBXBuildFile; fileRef = B39E663E2A53DB7100404100 /* AnnouncementDetailsView.swift */; };
/* End PBXBuildFile section */

/* Begin PBXFileReference section */
		4A1097172A19E55D0072BCD7 /* Imagine Scholar.app */ = {isa = PBXFileReference; explicitFileType = wrapper.application; includeInIndex = 0; path = "Imagine Scholar.app"; sourceTree = BUILT_PRODUCTS_DIR; };
		4A10971A2A19E55D0072BCD7 /* Imagine_ScholarApp.swift */ = {isa = PBXFileReference; lastKnownFileType = sourcecode.swift; path = Imagine_ScholarApp.swift; sourceTree = "<group>"; };
		4A10971C2A19E55D0072BCD7 /* ContentView.swift */ = {isa = PBXFileReference; lastKnownFileType = sourcecode.swift; path = ContentView.swift; sourceTree = "<group>"; };
		4A10971E2A19E55E0072BCD7 /* Assets.xcassets */ = {isa = PBXFileReference; lastKnownFileType = folder.assetcatalog; path = Assets.xcassets; sourceTree = "<group>"; };
		4A1097212A19E55E0072BCD7 /* Preview Assets.xcassets */ = {isa = PBXFileReference; lastKnownFileType = folder.assetcatalog; path = "Preview Assets.xcassets"; sourceTree = "<group>"; };
		4A10972E2A1AF3AA0072BCD7 /* LoginView.swift */ = {isa = PBXFileReference; lastKnownFileType = sourcecode.swift; path = LoginView.swift; sourceTree = "<group>"; };
		4A1097302A1AFACA0072BCD7 /* Post.swift */ = {isa = PBXFileReference; lastKnownFileType = sourcecode.swift; path = Post.swift; sourceTree = "<group>"; };
		4A1097322A1AFDB90072BCD7 /* PostsView.swift */ = {isa = PBXFileReference; lastKnownFileType = sourcecode.swift; path = PostsView.swift; sourceTree = "<group>"; };
		4A1097342A1B002E0072BCD7 /* CreatePostView.swift */ = {isa = PBXFileReference; lastKnownFileType = sourcecode.swift; path = CreatePostView.swift; sourceTree = "<group>"; };
		4A10976D2A1C337A0072BCD7 /* Event.swift */ = {isa = PBXFileReference; lastKnownFileType = sourcecode.swift; path = Event.swift; sourceTree = "<group>"; };
		4A10976F2A1C34B30072BCD7 /* EventsView.swift */ = {isa = PBXFileReference; lastKnownFileType = sourcecode.swift; path = EventsView.swift; sourceTree = "<group>"; };
		4A10978B2A1DC0FA0072BCD7 /* CreateAccountView.swift */ = {isa = PBXFileReference; lastKnownFileType = sourcecode.swift; path = CreateAccountView.swift; sourceTree = "<group>"; };
		4A10978D2A1DD6E30072BCD7 /* CreateAnnouncementView.swift */ = {isa = PBXFileReference; lastKnownFileType = sourcecode.swift; path = CreateAnnouncementView.swift; sourceTree = "<group>"; };
		4A10978F2A1DD7470072BCD7 /* AnnouncementsView.swift */ = {isa = PBXFileReference; lastKnownFileType = sourcecode.swift; path = AnnouncementsView.swift; sourceTree = "<group>"; };
		4A1097912A1DD7C60072BCD7 /* Announcement.swift */ = {isa = PBXFileReference; lastKnownFileType = sourcecode.swift; path = Announcement.swift; sourceTree = "<group>"; };
		4A1097932A1DDB7F0072BCD7 /* Club.swift */ = {isa = PBXFileReference; lastKnownFileType = sourcecode.swift; path = Club.swift; sourceTree = "<group>"; };
		4A1097B52A229EE30072BCD7 /* Opportunity.swift */ = {isa = PBXFileReference; lastKnownFileType = sourcecode.swift; path = Opportunity.swift; sourceTree = "<group>"; };
		4A1097B72A22A06C0072BCD7 /* OpportunitiesView.swift */ = {isa = PBXFileReference; lastKnownFileType = sourcecode.swift; path = OpportunitiesView.swift; sourceTree = "<group>"; };
		4A1097B92A22A2E80072BCD7 /* AddOpportunityView.swift */ = {isa = PBXFileReference; lastKnownFileType = sourcecode.swift; path = AddOpportunityView.swift; sourceTree = "<group>"; };
		4A1097BB2A22AC4C0072BCD7 /* NewslettersView.swift */ = {isa = PBXFileReference; lastKnownFileType = sourcecode.swift; path = NewslettersView.swift; sourceTree = "<group>"; };
		4A5FC9442A2EEBD400C76847 /* User.swift */ = {isa = PBXFileReference; lastKnownFileType = sourcecode.swift; path = User.swift; sourceTree = "<group>"; };
		4A5FC9532A2EEF2800C76847 /* GoogleService-Info.plist */ = {isa = PBXFileReference; lastKnownFileType = text.plist; path = "GoogleService-Info.plist"; sourceTree = SOURCE_ROOT; };
		4A5FC9552A2EFAE800C76847 /* Codable_JSON.swift */ = {isa = PBXFileReference; lastKnownFileType = sourcecode.swift; path = Codable_JSON.swift; sourceTree = "<group>"; };
		4A5FC95D2A326E5F00C76847 /* ImagePicker.swift */ = {isa = PBXFileReference; lastKnownFileType = sourcecode.swift; path = ImagePicker.swift; sourceTree = "<group>"; };
		4A5FC95F2A3290D700C76847 /* HomeView.swift */ = {isa = PBXFileReference; lastKnownFileType = sourcecode.swift; path = HomeView.swift; sourceTree = "<group>"; };
		4A5FC97D2A3545FF00C76847 /* PostDetailsView.swift */ = {isa = PBXFileReference; lastKnownFileType = sourcecode.swift; path = PostDetailsView.swift; sourceTree = "<group>"; };
		4AF166142A4B8F30009F7B56 /* ChatsView.swift */ = {isa = PBXFileReference; lastKnownFileType = sourcecode.swift; path = ChatsView.swift; sourceTree = "<group>"; };
		4AF166162A4B8F4C009F7B56 /* ForumsView.swift */ = {isa = PBXFileReference; lastKnownFileType = sourcecode.swift; path = ForumsView.swift; sourceTree = "<group>"; };
		4AF166202A4BD5D3009F7B56 /* QuotedPostView.swift */ = {isa = PBXFileReference; lastKnownFileType = sourcecode.swift; path = QuotedPostView.swift; sourceTree = "<group>"; };
		4AF166222A4BD893009F7B56 /* EventDetailsView.swift */ = {isa = PBXFileReference; lastKnownFileType = sourcecode.swift; path = EventDetailsView.swift; sourceTree = "<group>"; };
		4AF166242A4BE1EA009F7B56 /* CreateEventView.swift */ = {isa = PBXFileReference; lastKnownFileType = sourcecode.swift; path = CreateEventView.swift; sourceTree = "<group>"; };
		B39E663E2A53DB7100404100 /* AnnouncementDetailsView.swift */ = {isa = PBXFileReference; lastKnownFileType = sourcecode.swift; path = AnnouncementDetailsView.swift; sourceTree = "<group>"; };
/* End PBXFileReference section */

/* Begin PBXFrameworksBuildPhase section */
		4A1097142A19E55D0072BCD7 /* Frameworks */ = {
			isa = PBXFrameworksBuildPhase;
			buildActionMask = 2147483647;
			files = (
				4A5FC94C2A2EEF0400C76847 /* FirebaseDatabase in Frameworks */,
				4A10972C2A1AE6A10072BCD7 /* RealmSwift in Frameworks */,
				4A5FC9502A2EEF0400C76847 /* FirebaseMessaging in Frameworks */,
				4A10972A2A1AE6A10072BCD7 /* Realm in Frameworks */,
				4A5FC9482A2EEF0400C76847 /* FirebaseAnalytics in Frameworks */,
				4A5FC9522A2EEF0400C76847 /* FirebaseStorage in Frameworks */,
				4A5FC94A2A2EEF0400C76847 /* FirebaseAuth in Frameworks */,
				4A5FC94E2A2EEF0400C76847 /* FirebaseFirestore in Frameworks */,
			);
			runOnlyForDeploymentPostprocessing = 0;
		};
/* End PBXFrameworksBuildPhase section */

/* Begin PBXGroup section */
		4A10970E2A19E55D0072BCD7 = {
			isa = PBXGroup;
			children = (
				4A1097192A19E55D0072BCD7 /* Imagine Scholar */,
				4A1097182A19E55D0072BCD7 /* Products */,
			);
			sourceTree = "<group>";
		};
		4A1097182A19E55D0072BCD7 /* Products */ = {
			isa = PBXGroup;
			children = (
				4A1097172A19E55D0072BCD7 /* Imagine Scholar.app */,
			);
			name = Products;
			sourceTree = "<group>";
		};
		4A1097192A19E55D0072BCD7 /* Imagine Scholar */ = {
			isa = PBXGroup;
			children = (
				4A10971E2A19E55E0072BCD7 /* Assets.xcassets */,
				4A5FC9532A2EEF2800C76847 /* GoogleService-Info.plist */,
				4A10972D2A1AF2FA0072BCD7 /* Models */,
				4A1097202A19E55E0072BCD7 /* Preview Content */,
				4A10976C2A1C22440072BCD7 /* Views */,
			);
			path = "Imagine Scholar";
			sourceTree = "<group>";
		};
		4A1097202A19E55E0072BCD7 /* Preview Content */ = {
			isa = PBXGroup;
			children = (
				4A1097212A19E55E0072BCD7 /* Preview Assets.xcassets */,
			);
			path = "Preview Content";
			sourceTree = "<group>";
		};
		4A10972D2A1AF2FA0072BCD7 /* Models */ = {
			isa = PBXGroup;
			children = (
				4A1097912A1DD7C60072BCD7 /* Announcement.swift */,
				4A1097932A1DDB7F0072BCD7 /* Club.swift */,
				4A10976D2A1C337A0072BCD7 /* Event.swift */,
				4A1097B52A229EE30072BCD7 /* Opportunity.swift */,
				4A1097302A1AFACA0072BCD7 /* Post.swift */,
				4A5FC9442A2EEBD400C76847 /* User.swift */,
			);
			path = Models;
			sourceTree = "<group>";
		};
		4A10976C2A1C22440072BCD7 /* Views */ = {
			isa = PBXGroup;
			children = (
				4AF1661F2A4BD304009F7B56 /* Announcements */,
				4AF1661E2A4BD2F6009F7B56 /* Opportunities */,
				4AF1661D2A4BD2E8009F7B56 /* Newsletter */,
				4AF1661C2A4BD2D5009F7B56 /* Forums */,
				4AF1661B2A4BD2C8009F7B56 /* Events */,
				4AF1661A2A4BD2A9009F7B56 /* Authentication */,
				4AF166182A4BD25B009F7B56 /* Chats */,
				4AF166192A4BD282009F7B56 /* Posts */,
				4A5FC95F2A3290D700C76847 /* HomeView.swift */,
				4A10971C2A19E55D0072BCD7 /* ContentView.swift */,
				4A5FC95D2A326E5F00C76847 /* ImagePicker.swift */,
				4A10971A2A19E55D0072BCD7 /* Imagine_ScholarApp.swift */,
				4A5FC9552A2EFAE800C76847 /* Codable_JSON.swift */,
			);
			path = Views;
			sourceTree = "<group>";
		};
		4AF166182A4BD25B009F7B56 /* Chats */ = {
			isa = PBXGroup;
			children = (
				4AF166142A4B8F30009F7B56 /* ChatsView.swift */,
			);
			path = Chats;
			sourceTree = "<group>";
		};
		4AF166192A4BD282009F7B56 /* Posts */ = {
			isa = PBXGroup;
			children = (
				4A1097322A1AFDB90072BCD7 /* PostsView.swift */,
				4A5FC97D2A3545FF00C76847 /* PostDetailsView.swift */,
				4A1097342A1B002E0072BCD7 /* CreatePostView.swift */,
				4AF166202A4BD5D3009F7B56 /* QuotedPostView.swift */,
			);
			path = Posts;
			sourceTree = "<group>";
		};
		4AF1661A2A4BD2A9009F7B56 /* Authentication */ = {
			isa = PBXGroup;
			children = (
				4A10972E2A1AF3AA0072BCD7 /* LoginView.swift */,
				4A10978B2A1DC0FA0072BCD7 /* CreateAccountView.swift */,
			);
			path = Authentication;
			sourceTree = "<group>";
		};
		4AF1661B2A4BD2C8009F7B56 /* Events */ = {
			isa = PBXGroup;
			children = (
				4A10976F2A1C34B30072BCD7 /* EventsView.swift */,
				4AF166222A4BD893009F7B56 /* EventDetailsView.swift */,
				4AF166242A4BE1EA009F7B56 /* CreateEventView.swift */,
			);
			path = Events;
			sourceTree = "<group>";
		};
		4AF1661C2A4BD2D5009F7B56 /* Forums */ = {
			isa = PBXGroup;
			children = (
				4AF166162A4B8F4C009F7B56 /* ForumsView.swift */,
			);
			path = Forums;
			sourceTree = "<group>";
		};
		4AF1661D2A4BD2E8009F7B56 /* Newsletter */ = {
			isa = PBXGroup;
			children = (
				4A1097BB2A22AC4C0072BCD7 /* NewslettersView.swift */,
			);
			path = Newsletter;
			sourceTree = "<group>";
		};
		4AF1661E2A4BD2F6009F7B56 /* Opportunities */ = {
			isa = PBXGroup;
			children = (
				4A1097B72A22A06C0072BCD7 /* OpportunitiesView.swift */,
				4A1097B92A22A2E80072BCD7 /* AddOpportunityView.swift */,
			);
			path = Opportunities;
			sourceTree = "<group>";
		};
		4AF1661F2A4BD304009F7B56 /* Announcements */ = {
			isa = PBXGroup;
			children = (
				4A10978F2A1DD7470072BCD7 /* AnnouncementsView.swift */,
				4A10978D2A1DD6E30072BCD7 /* CreateAnnouncementView.swift */,
				B39E663E2A53DB7100404100 /* AnnouncementDetailsView.swift */,
			);
			path = Announcements;
			sourceTree = "<group>";
		};
/* End PBXGroup section */

/* Begin PBXNativeTarget section */
		4A1097162A19E55D0072BCD7 /* Imagine Scholar */ = {
			isa = PBXNativeTarget;
			buildConfigurationList = 4A1097252A19E55E0072BCD7 /* Build configuration list for PBXNativeTarget "Imagine Scholar" */;
			buildPhases = (
				4A1097132A19E55D0072BCD7 /* Sources */,
				4A1097142A19E55D0072BCD7 /* Frameworks */,
				4A1097152A19E55D0072BCD7 /* Resources */,
			);
			buildRules = (
			);
			dependencies = (
			);
			name = "Imagine Scholar";
			packageProductDependencies = (
				4A1097292A1AE6A10072BCD7 /* Realm */,
				4A10972B2A1AE6A10072BCD7 /* RealmSwift */,
				4A5FC9472A2EEF0400C76847 /* FirebaseAnalytics */,
				4A5FC9492A2EEF0400C76847 /* FirebaseAuth */,
				4A5FC94B2A2EEF0400C76847 /* FirebaseDatabase */,
				4A5FC94D2A2EEF0400C76847 /* FirebaseFirestore */,
				4A5FC94F2A2EEF0400C76847 /* FirebaseMessaging */,
				4A5FC9512A2EEF0400C76847 /* FirebaseStorage */,
			);
			productName = "Imagine Scholar";
			productReference = 4A1097172A19E55D0072BCD7 /* Imagine Scholar.app */;
			productType = "com.apple.product-type.application";
		};
/* End PBXNativeTarget section */

/* Begin PBXProject section */
		4A10970F2A19E55D0072BCD7 /* Project object */ = {
			isa = PBXProject;
			attributes = {
				BuildIndependentTargetsInParallel = 1;
				LastSwiftUpdateCheck = 1430;
				LastUpgradeCheck = 1430;
				TargetAttributes = {
					4A1097162A19E55D0072BCD7 = {
						CreatedOnToolsVersion = 14.3;
					};
				};
			};
			buildConfigurationList = 4A1097122A19E55D0072BCD7 /* Build configuration list for PBXProject "Imagine Scholar" */;
			compatibilityVersion = "Xcode 14.0";
			developmentRegion = en;
			hasScannedForEncodings = 0;
			knownRegions = (
				en,
				Base,
			);
			mainGroup = 4A10970E2A19E55D0072BCD7;
			packageReferences = (
				4A1097282A1AE6A10072BCD7 /* XCRemoteSwiftPackageReference "realm-swift" */,
				4A5FC9462A2EEF0400C76847 /* XCRemoteSwiftPackageReference "firebase-ios-sdk" */,
			);
			productRefGroup = 4A1097182A19E55D0072BCD7 /* Products */;
			projectDirPath = "";
			projectRoot = "";
			targets = (
				4A1097162A19E55D0072BCD7 /* Imagine Scholar */,
			);
		};
/* End PBXProject section */

/* Begin PBXResourcesBuildPhase section */
		4A1097152A19E55D0072BCD7 /* Resources */ = {
			isa = PBXResourcesBuildPhase;
			buildActionMask = 2147483647;
			files = (
				4A1097222A19E55E0072BCD7 /* Preview Assets.xcassets in Resources */,
				4A10971F2A19E55E0072BCD7 /* Assets.xcassets in Resources */,
				4A5FC9542A2EEF2800C76847 /* GoogleService-Info.plist in Resources */,
			);
			runOnlyForDeploymentPostprocessing = 0;
		};
/* End PBXResourcesBuildPhase section */

/* Begin PBXSourcesBuildPhase section */
		4A1097132A19E55D0072BCD7 /* Sources */ = {
			isa = PBXSourcesBuildPhase;
			buildActionMask = 2147483647;
			files = (
				4A1097922A1DD7C60072BCD7 /* Announcement.swift in Sources */,
				4A10972F2A1AF3AA0072BCD7 /* LoginView.swift in Sources */,
				4AF166152A4B8F30009F7B56 /* ChatsView.swift in Sources */,
				4A10971D2A19E55D0072BCD7 /* ContentView.swift in Sources */,
				4AF166232A4BD893009F7B56 /* EventDetailsView.swift in Sources */,
				4A1097B82A22A06C0072BCD7 /* OpportunitiesView.swift in Sources */,
				4A1097BA2A22A2E80072BCD7 /* AddOpportunityView.swift in Sources */,
				4A5FC97E2A3545FF00C76847 /* PostDetailsView.swift in Sources */,
				4A1097902A1DD7470072BCD7 /* AnnouncementsView.swift in Sources */,
				4A5FC9452A2EEBD400C76847 /* User.swift in Sources */,
				4A1097352A1B002E0072BCD7 /* CreatePostView.swift in Sources */,
				4A10978E2A1DD6E30072BCD7 /* CreateAnnouncementView.swift in Sources */,
				4A10978C2A1DC0FA0072BCD7 /* CreateAccountView.swift in Sources */,
				4A1097B62A229EE30072BCD7 /* Opportunity.swift in Sources */,
				4A5FC95E2A326E5F00C76847 /* ImagePicker.swift in Sources */,
				4AF166252A4BE1EA009F7B56 /* CreateEventView.swift in Sources */,
				4A10971B2A19E55D0072BCD7 /* Imagine_ScholarApp.swift in Sources */,
				4A10976E2A1C337A0072BCD7 /* Event.swift in Sources */,
				4A1097332A1AFDB90072BCD7 /* PostsView.swift in Sources */,
				4A1097BC2A22AC4C0072BCD7 /* NewslettersView.swift in Sources */,
				4A1097312A1AFACA0072BCD7 /* Post.swift in Sources */,
				4A5FC9562A2EFAE800C76847 /* Codable_JSON.swift in Sources */,
				4AF166212A4BD5D3009F7B56 /* QuotedPostView.swift in Sources */,
				4A5FC9602A3290D700C76847 /* HomeView.swift in Sources */,
				B39E663F2A53DB7100404100 /* AnnouncementDetailsView.swift in Sources */,
				4AF166172A4B8F4C009F7B56 /* ForumsView.swift in Sources */,
				4A1097942A1DDB7F0072BCD7 /* Club.swift in Sources */,
				4A1097702A1C34B30072BCD7 /* EventsView.swift in Sources */,
			);
			runOnlyForDeploymentPostprocessing = 0;
		};
/* End PBXSourcesBuildPhase section */

/* Begin XCBuildConfiguration section */
		4A1097232A19E55E0072BCD7 /* Debug */ = {
			isa = XCBuildConfiguration;
			buildSettings = {
				ALWAYS_SEARCH_USER_PATHS = NO;
				CLANG_ANALYZER_NONNULL = YES;
				CLANG_ANALYZER_NUMBER_OBJECT_CONVERSION = YES_AGGRESSIVE;
				CLANG_CXX_LANGUAGE_STANDARD = "gnu++20";
				CLANG_ENABLE_MODULES = YES;
				CLANG_ENABLE_OBJC_ARC = YES;
				CLANG_ENABLE_OBJC_WEAK = YES;
				CLANG_WARN_BLOCK_CAPTURE_AUTORELEASING = YES;
				CLANG_WARN_BOOL_CONVERSION = YES;
				CLANG_WARN_COMMA = YES;
				CLANG_WARN_CONSTANT_CONVERSION = YES;
				CLANG_WARN_DEPRECATED_OBJC_IMPLEMENTATIONS = YES;
				CLANG_WARN_DIRECT_OBJC_ISA_USAGE = YES_ERROR;
				CLANG_WARN_DOCUMENTATION_COMMENTS = YES;
				CLANG_WARN_EMPTY_BODY = YES;
				CLANG_WARN_ENUM_CONVERSION = YES;
				CLANG_WARN_INFINITE_RECURSION = YES;
				CLANG_WARN_INT_CONVERSION = YES;
				CLANG_WARN_NON_LITERAL_NULL_CONVERSION = YES;
				CLANG_WARN_OBJC_IMPLICIT_RETAIN_SELF = YES;
				CLANG_WARN_OBJC_LITERAL_CONVERSION = YES;
				CLANG_WARN_OBJC_ROOT_CLASS = YES_ERROR;
				CLANG_WARN_QUOTED_INCLUDE_IN_FRAMEWORK_HEADER = YES;
				CLANG_WARN_RANGE_LOOP_ANALYSIS = YES;
				CLANG_WARN_STRICT_PROTOTYPES = YES;
				CLANG_WARN_SUSPICIOUS_MOVE = YES;
				CLANG_WARN_UNGUARDED_AVAILABILITY = YES_AGGRESSIVE;
				CLANG_WARN_UNREACHABLE_CODE = YES;
				CLANG_WARN__DUPLICATE_METHOD_MATCH = YES;
				COPY_PHASE_STRIP = NO;
				DEBUG_INFORMATION_FORMAT = dwarf;
				ENABLE_STRICT_OBJC_MSGSEND = YES;
				ENABLE_TESTABILITY = YES;
				GCC_C_LANGUAGE_STANDARD = gnu11;
				GCC_DYNAMIC_NO_PIC = NO;
				GCC_NO_COMMON_BLOCKS = YES;
				GCC_OPTIMIZATION_LEVEL = 0;
				GCC_PREPROCESSOR_DEFINITIONS = (
					"DEBUG=1",
					"$(inherited)",
				);
				GCC_WARN_64_TO_32_BIT_CONVERSION = YES;
				GCC_WARN_ABOUT_RETURN_TYPE = YES_ERROR;
				GCC_WARN_UNDECLARED_SELECTOR = YES;
				GCC_WARN_UNINITIALIZED_AUTOS = YES_AGGRESSIVE;
				GCC_WARN_UNUSED_FUNCTION = YES;
				GCC_WARN_UNUSED_VARIABLE = YES;
				IPHONEOS_DEPLOYMENT_TARGET = 16.4;
				MTL_ENABLE_DEBUG_INFO = INCLUDE_SOURCE;
				MTL_FAST_MATH = YES;
				ONLY_ACTIVE_ARCH = YES;
				SDKROOT = iphoneos;
				SWIFT_ACTIVE_COMPILATION_CONDITIONS = DEBUG;
				SWIFT_OPTIMIZATION_LEVEL = "-Onone";
			};
			name = Debug;
		};
		4A1097242A19E55E0072BCD7 /* Release */ = {
			isa = XCBuildConfiguration;
			buildSettings = {
				ALWAYS_SEARCH_USER_PATHS = NO;
				CLANG_ANALYZER_NONNULL = YES;
				CLANG_ANALYZER_NUMBER_OBJECT_CONVERSION = YES_AGGRESSIVE;
				CLANG_CXX_LANGUAGE_STANDARD = "gnu++20";
				CLANG_ENABLE_MODULES = YES;
				CLANG_ENABLE_OBJC_ARC = YES;
				CLANG_ENABLE_OBJC_WEAK = YES;
				CLANG_WARN_BLOCK_CAPTURE_AUTORELEASING = YES;
				CLANG_WARN_BOOL_CONVERSION = YES;
				CLANG_WARN_COMMA = YES;
				CLANG_WARN_CONSTANT_CONVERSION = YES;
				CLANG_WARN_DEPRECATED_OBJC_IMPLEMENTATIONS = YES;
				CLANG_WARN_DIRECT_OBJC_ISA_USAGE = YES_ERROR;
				CLANG_WARN_DOCUMENTATION_COMMENTS = YES;
				CLANG_WARN_EMPTY_BODY = YES;
				CLANG_WARN_ENUM_CONVERSION = YES;
				CLANG_WARN_INFINITE_RECURSION = YES;
				CLANG_WARN_INT_CONVERSION = YES;
				CLANG_WARN_NON_LITERAL_NULL_CONVERSION = YES;
				CLANG_WARN_OBJC_IMPLICIT_RETAIN_SELF = YES;
				CLANG_WARN_OBJC_LITERAL_CONVERSION = YES;
				CLANG_WARN_OBJC_ROOT_CLASS = YES_ERROR;
				CLANG_WARN_QUOTED_INCLUDE_IN_FRAMEWORK_HEADER = YES;
				CLANG_WARN_RANGE_LOOP_ANALYSIS = YES;
				CLANG_WARN_STRICT_PROTOTYPES = YES;
				CLANG_WARN_SUSPICIOUS_MOVE = YES;
				CLANG_WARN_UNGUARDED_AVAILABILITY = YES_AGGRESSIVE;
				CLANG_WARN_UNREACHABLE_CODE = YES;
				CLANG_WARN__DUPLICATE_METHOD_MATCH = YES;
				COPY_PHASE_STRIP = NO;
				DEBUG_INFORMATION_FORMAT = "dwarf-with-dsym";
				ENABLE_NS_ASSERTIONS = NO;
				ENABLE_STRICT_OBJC_MSGSEND = YES;
				GCC_C_LANGUAGE_STANDARD = gnu11;
				GCC_NO_COMMON_BLOCKS = YES;
				GCC_WARN_64_TO_32_BIT_CONVERSION = YES;
				GCC_WARN_ABOUT_RETURN_TYPE = YES_ERROR;
				GCC_WARN_UNDECLARED_SELECTOR = YES;
				GCC_WARN_UNINITIALIZED_AUTOS = YES_AGGRESSIVE;
				GCC_WARN_UNUSED_FUNCTION = YES;
				GCC_WARN_UNUSED_VARIABLE = YES;
				IPHONEOS_DEPLOYMENT_TARGET = 16.4;
				MTL_ENABLE_DEBUG_INFO = NO;
				MTL_FAST_MATH = YES;
				SDKROOT = iphoneos;
				SWIFT_COMPILATION_MODE = wholemodule;
				SWIFT_OPTIMIZATION_LEVEL = "-O";
				VALIDATE_PRODUCT = YES;
			};
			name = Release;
		};
		4A1097262A19E55E0072BCD7 /* Debug */ = {
			isa = XCBuildConfiguration;
			buildSettings = {
				ASSETCATALOG_COMPILER_APPICON_NAME = AppIcon;
				ASSETCATALOG_COMPILER_GLOBAL_ACCENT_COLOR_NAME = AccentColor;
				CODE_SIGN_STYLE = Automatic;
				CURRENT_PROJECT_VERSION = 1;
				DEVELOPMENT_ASSET_PATHS = "\"Imagine Scholar/Preview Content\"";
				ENABLE_PREVIEWS = YES;
				GENERATE_INFOPLIST_FILE = YES;
				INFOPLIST_KEY_UIApplicationSceneManifest_Generation = YES;
				INFOPLIST_KEY_UIApplicationSupportsIndirectInputEvents = YES;
				INFOPLIST_KEY_UILaunchScreen_Generation = YES;
				INFOPLIST_KEY_UISupportedInterfaceOrientations_iPad = "UIInterfaceOrientationPortrait UIInterfaceOrientationPortraitUpsideDown UIInterfaceOrientationLandscapeLeft UIInterfaceOrientationLandscapeRight";
				INFOPLIST_KEY_UISupportedInterfaceOrientations_iPhone = "UIInterfaceOrientationPortrait UIInterfaceOrientationLandscapeLeft UIInterfaceOrientationLandscapeRight";
				LD_RUNPATH_SEARCH_PATHS = (
					"$(inherited)",
					"@executable_path/Frameworks",
				);
				MARKETING_VERSION = 1.0;
				PRODUCT_BUNDLE_IDENTIFIER = "phila.Imagine-Scholar";
				PRODUCT_NAME = "$(TARGET_NAME)";
				SWIFT_EMIT_LOC_STRINGS = YES;
				SWIFT_VERSION = 5.0;
				TARGETED_DEVICE_FAMILY = "1,2";
			};
			name = Debug;
		};
		4A1097272A19E55E0072BCD7 /* Release */ = {
			isa = XCBuildConfiguration;
			buildSettings = {
				ASSETCATALOG_COMPILER_APPICON_NAME = AppIcon;
				ASSETCATALOG_COMPILER_GLOBAL_ACCENT_COLOR_NAME = AccentColor;
				CODE_SIGN_STYLE = Automatic;
				CURRENT_PROJECT_VERSION = 1;
				DEVELOPMENT_ASSET_PATHS = "\"Imagine Scholar/Preview Content\"";
				ENABLE_PREVIEWS = YES;
				GENERATE_INFOPLIST_FILE = YES;
				INFOPLIST_KEY_UIApplicationSceneManifest_Generation = YES;
				INFOPLIST_KEY_UIApplicationSupportsIndirectInputEvents = YES;
				INFOPLIST_KEY_UILaunchScreen_Generation = YES;
				INFOPLIST_KEY_UISupportedInterfaceOrientations_iPad = "UIInterfaceOrientationPortrait UIInterfaceOrientationPortraitUpsideDown UIInterfaceOrientationLandscapeLeft UIInterfaceOrientationLandscapeRight";
				INFOPLIST_KEY_UISupportedInterfaceOrientations_iPhone = "UIInterfaceOrientationPortrait UIInterfaceOrientationLandscapeLeft UIInterfaceOrientationLandscapeRight";
				LD_RUNPATH_SEARCH_PATHS = (
					"$(inherited)",
					"@executable_path/Frameworks",
				);
				MARKETING_VERSION = 1.0;
				PRODUCT_BUNDLE_IDENTIFIER = "phila.Imagine-Scholar";
				PRODUCT_NAME = "$(TARGET_NAME)";
				SWIFT_EMIT_LOC_STRINGS = YES;
				SWIFT_VERSION = 5.0;
				TARGETED_DEVICE_FAMILY = "1,2";
			};
			name = Release;
		};
/* End XCBuildConfiguration section */

/* Begin XCConfigurationList section */
		4A1097122A19E55D0072BCD7 /* Build configuration list for PBXProject "Imagine Scholar" */ = {
			isa = XCConfigurationList;
			buildConfigurations = (
				4A1097232A19E55E0072BCD7 /* Debug */,
				4A1097242A19E55E0072BCD7 /* Release */,
			);
			defaultConfigurationIsVisible = 0;
			defaultConfigurationName = Release;
		};
		4A1097252A19E55E0072BCD7 /* Build configuration list for PBXNativeTarget "Imagine Scholar" */ = {
			isa = XCConfigurationList;
			buildConfigurations = (
				4A1097262A19E55E0072BCD7 /* Debug */,
				4A1097272A19E55E0072BCD7 /* Release */,
			);
			defaultConfigurationIsVisible = 0;
			defaultConfigurationName = Release;
		};
/* End XCConfigurationList section */

/* Begin XCRemoteSwiftPackageReference section */
		4A1097282A1AE6A10072BCD7 /* XCRemoteSwiftPackageReference "realm-swift" */ = {
			isa = XCRemoteSwiftPackageReference;
			repositoryURL = "https://github.com/realm/realm-swift.git";
			requirement = {
				kind = upToNextMajorVersion;
				minimumVersion = 10.39.1;
			};
		};
		4A5FC9462A2EEF0400C76847 /* XCRemoteSwiftPackageReference "firebase-ios-sdk" */ = {
			isa = XCRemoteSwiftPackageReference;
			repositoryURL = "https://github.com/firebase/firebase-ios-sdk";
			requirement = {
				kind = upToNextMajorVersion;
				minimumVersion = 10.0.0;
			};
		};
/* End XCRemoteSwiftPackageReference section */

/* Begin XCSwiftPackageProductDependency section */
		4A1097292A1AE6A10072BCD7 /* Realm */ = {
			isa = XCSwiftPackageProductDependency;
			package = 4A1097282A1AE6A10072BCD7 /* XCRemoteSwiftPackageReference "realm-swift" */;
			productName = Realm;
		};
		4A10972B2A1AE6A10072BCD7 /* RealmSwift */ = {
			isa = XCSwiftPackageProductDependency;
			package = 4A1097282A1AE6A10072BCD7 /* XCRemoteSwiftPackageReference "realm-swift" */;
			productName = RealmSwift;
		};
		4A5FC9472A2EEF0400C76847 /* FirebaseAnalytics */ = {
			isa = XCSwiftPackageProductDependency;
			package = 4A5FC9462A2EEF0400C76847 /* XCRemoteSwiftPackageReference "firebase-ios-sdk" */;
			productName = FirebaseAnalytics;
		};
		4A5FC9492A2EEF0400C76847 /* FirebaseAuth */ = {
			isa = XCSwiftPackageProductDependency;
			package = 4A5FC9462A2EEF0400C76847 /* XCRemoteSwiftPackageReference "firebase-ios-sdk" */;
			productName = FirebaseAuth;
		};
		4A5FC94B2A2EEF0400C76847 /* FirebaseDatabase */ = {
			isa = XCSwiftPackageProductDependency;
			package = 4A5FC9462A2EEF0400C76847 /* XCRemoteSwiftPackageReference "firebase-ios-sdk" */;
			productName = FirebaseDatabase;
		};
		4A5FC94D2A2EEF0400C76847 /* FirebaseFirestore */ = {
			isa = XCSwiftPackageProductDependency;
			package = 4A5FC9462A2EEF0400C76847 /* XCRemoteSwiftPackageReference "firebase-ios-sdk" */;
			productName = FirebaseFirestore;
		};
		4A5FC94F2A2EEF0400C76847 /* FirebaseMessaging */ = {
			isa = XCSwiftPackageProductDependency;
			package = 4A5FC9462A2EEF0400C76847 /* XCRemoteSwiftPackageReference "firebase-ios-sdk" */;
			productName = FirebaseMessaging;
		};
		4A5FC9512A2EEF0400C76847 /* FirebaseStorage */ = {
			isa = XCSwiftPackageProductDependency;
			package = 4A5FC9462A2EEF0400C76847 /* XCRemoteSwiftPackageReference "firebase-ios-sdk" */;
			productName = FirebaseStorage;
		};
/* End XCSwiftPackageProductDependency section */
	};
	rootObject = 4A10970F2A19E55D0072BCD7 /* Project object */;
}
